Microsoft Visual Studio Solution File, Format Version 12.00
# Visual Studio Version 17
VisualStudioVersion = 17.5.2.0
MinimumVisualStudioVersion = 10.0.40219.1
Project("{FAE04EC0-301F-11D3-BF4B-00C04F79EFBC}") = "WealthVaultApi", "WealthVaultApi.csproj", "{F78F8C33-B328-4440-CCC6-FF0135F55C69}"
EndProject
Global
	GlobalSection(SolutionConfigurationPlatforms) = preSolution
		Debug|Any CPU = Debug|Any CPU
		Release|Any CPU = Release|Any CPU
	EndGlobalSection
	GlobalSection(ProjectConfigurationPlatforms) = postSolution
		{F78F8C33-B328-4440-CCC6-FF0135F55C69}.Debug|Any CPU.ActiveCfg = Debug|Any CPU
		{F78F8C33-B328-4440-CCC6-FF0135F55C69}.Debug|Any CPU.Build.0 = Debug|Any CPU
		{F78F8C33-B328-4440-CCC6-FF0135F55C69}.Release|Any CPU.ActiveCfg = Release|Any CPU
		{F78F8C33-B328-4440-CCC6-FF0135F55C69}.Release|Any CPU.Build.0 = Release|Any CPU
	EndGlobalSection
	GlobalSection(SolutionProperties) = preSolution
		HideSolutionNode = FALSE
	EndGlobalSection
	GlobalSection(ExtensibilityGlobals) = postSolution
		SolutionGuid = {75FAB14A-036F-4BC3-A260-18CE15C8AEA6}
	EndGlobalSection
EndGlobal
